{
  "nodes": {
    "nix-flatpak": {
      "locked": {
        "lastModified": 1733345341,
        "narHash": "sha256-8S58zrdpzGhax6tmn1i+R3AA0N9DJMu5FQI8JkA0NNU=",
        "owner": "gmodena",
        "repo": "nix-flatpak",
        "rev": "ebb0be49fc381112ff37726c6dd6df4df2ef5a1b",
        "type": "github"
      },
      "original": {
        "owner": "gmodena",
        "repo": "nix-flatpak",
        "type": "github"
      }
    },
    "nixpkgs": {
      "locked": {
        "lastModified": 1733212471,
        "narHash": "sha256-M1+uCoV5igihRfcUKrr1riygbe73/dzNnzPsmaLCmpo=",
        "owner": "nixos",
        "repo": "nixpkgs",
        "rev": "55d15ad12a74eb7d4646254e13638ad0c4128776",
        "type": "github"
      },
      "original": {
        "owner": "nixos",
        "ref": "nixos-unstable",
        "repo": "nixpkgs",
        "type": "github"
      }
    },
    "root": {
      "inputs": {
        "nix-flatpak": "nix-flatpak",
        "nixpkgs": "nixpkgs"
      }
    }
  },
  "root": "root",
  "version": 7
}
