{
  "nodes": {
    "nix-flatpak": {
      "locked": {
        "lastModified": 1732304879,
        "narHash": "sha256-/DOW8VadE//HA6tuV2++NowYWi7Wa/FmJHXRJoTQnfQ=",
        "owner": "gmodena",
        "repo": "nix-flatpak",
        "rev": "c84579946c03c996916be0fb6e1340f444c277af",
        "type": "github"
      },
      "original": {
        "owner": "gmodena",
        "repo": "nix-flatpak",
        "type": "github"
      }
    },
    "nixpkgs": {
      "locked": {
        "lastModified": 1732014248,
        "narHash": "sha256-y/MEyuJ5oBWrWAic/14LaIr/u5E0wRVzyYsouYY3W6w=",
        "owner": "nixos",
        "repo": "nixpkgs",
        "rev": "23e89b7da85c3640bbc2173fe04f4bd114342367",
        "type": "github"
      },
      "original": {
        "owner": "nixos",
        "ref": "nixos-unstable",
        "repo": "nixpkgs",
        "type": "github"
      }
    },
    "root": {
      "inputs": {
        "nix-flatpak": "nix-flatpak",
        "nixpkgs": "nixpkgs"
      }
    }
  },
  "root": "root",
  "version": 7
}
