{
  "nodes": {
    "nix-flatpak": {
      "locked": {
        "lastModified": 1733345341,
        "narHash": "sha256-8S58zrdpzGhax6tmn1i+R3AA0N9DJMu5FQI8JkA0NNU=",
        "owner": "gmodena",
        "repo": "nix-flatpak",
        "rev": "ebb0be49fc381112ff37726c6dd6df4df2ef5a1b",
        "type": "github"
      },
      "original": {
        "owner": "gmodena",
        "repo": "nix-flatpak",
        "type": "github"
      }
    },
    "nixpkgs": {
      "locked": {
        "lastModified": 1733581040,
        "narHash": "sha256-Qn3nPMSopRQJgmvHzVqPcE3I03zJyl8cSbgnnltfFDY=",
        "owner": "nixos",
        "repo": "nixpkgs",
        "rev": "22c3f2cf41a0e70184334a958e6b124fb0ce3e01",
        "type": "github"
      },
      "original": {
        "owner": "nixos",
        "ref": "nixos-unstable",
        "repo": "nixpkgs",
        "type": "github"
      }
    },
    "root": {
      "inputs": {
        "nix-flatpak": "nix-flatpak",
        "nixpkgs": "nixpkgs"
      }
    }
  },
  "root": "root",
  "version": 7
}
